github.com/embeddedgo/fs v0.1.6 h1:4G7zd/iWxlYF9u7/faYV05jv21ftCwhddJ7PeCvXskk=
github.com/embeddedgo/fs v0.1.6/go.mod h1:iQRMLUL0YeL5Ou2ILYTlspw32A0BeoXs7O2fuTZoS1M=
github.com/embeddedgo/noostest v0.0.8 h1:4NTxjYAfT5zSf47lpCPLfP+zY/gAbBZaM8mO1tyL0qU=
github.com/embeddedgo/noostest v0.0.8/go.mod h1:NH6dmmsHMA2ZmMNOqWDtQ9xFbQ6NvivXPw3rEpmc9hE=
golang.org/x/crypto v0.46.1-0.20251210140736-7dacc380ba00 h1:JgcPM1rzpSOZS8y69FQvnY0xN0ciHlpQqwTXJcuZIA4=
golang.org/x/crypto v0.46.1-0.20251210140736-7dacc380ba00/go.mod h1:Evb/oLKmMraqjZ2iQTwDwvCtJkczlDuTmdJXoZVzqU0=
golang.org/x/net v0.47.1-0.20251128220604-7c360367ab7e h1:PAAT9cIDvIAIRQVz2txQvUFRt3jOlhiO84ihd8XMGlg=
golang.org/x/net v0.47.1-0.20251128220604-7c360367ab7e/go.mod h1:/jNxtkgq5yWUGYkaZGqo27cfGZ1c5Nen03aYrrKpVRU=
golang.org/x/sys v0.39.0 h1:CvCKL8MeisomCi6qNZ+wbb0DN9E5AATixKsvNtMoMFk=
golang.org/x/sys v0.39.0/go.mod h1:OgkHotnGiDImocRcuBABYBEXf8A9a87e/uXjp9XT3ks=
golang.org/x/text v0.32.0 h1:ZD01bjUt1FQ9WJ0ClOL5vxgxOI/sVCNgX1YtKwcY0mU=
golang.org/x/text v0.32.0/go.mod h1:o/rUWzghvpD5TXrTIBuJU77MTaN0ljMWE47kxGJQ7jY=
